
Microsoft Visual Studio Solution File, Format Version 12.00
# Visual Studio 14
VisualStudioVersion = 14.0.25420.1
MinimumVisualStudioVersion = 10.0.40219.1
Project("{FAE04EC0-301F-11D3-BF4B-00C04F79EFBC}") = "Szyfry", "Szyfry\Szyfry.csproj", "{FED212AA-D47A-4734-A152-B5A98F507114}"
EndProject
Project("{FAE04EC0-301F-11D3-BF4B-00C04F79EFBC}") = "ConsoleHost", "ConsoleHost\ConsoleHost.csproj", "{24BBC75F-497A-4F97-A2A7-14C7443F9420}"
EndProject
Global
	GlobalSection(SolutionConfigurationPlatforms) = preSolution
		Debug|Any CPU = Debug|Any CPU
		Release|Any CPU = Release|Any CPU
	EndGlobalSection
	GlobalSection(ProjectConfigurationPlatforms) = postSolution
		{FED212AA-D47A-4734-A152-B5A98F507114}.Debug|Any CPU.ActiveCfg = Debug|Any CPU
		{FED212AA-D47A-4734-A152-B5A98F507114}.Debug|Any CPU.Build.0 = Debug|Any CPU
		{FED212AA-D47A-4734-A152-B5A98F507114}.Release|Any CPU.ActiveCfg = Release|Any CPU
		{FED212AA-D47A-4734-A152-B5A98F507114}.Release|Any CPU.Build.0 = Release|Any CPU
		{24BBC75F-497A-4F97-A2A7-14C7443F9420}.Debug|Any CPU.ActiveCfg = Debug|Any CPU
		{24BBC75F-497A-4F97-A2A7-14C7443F9420}.Debug|Any CPU.Build.0 = Debug|Any CPU
		{24BBC75F-497A-4F97-A2A7-14C7443F9420}.Release|Any CPU.ActiveCfg = Release|Any CPU
		{24BBC75F-497A-4F97-A2A7-14C7443F9420}.Release|Any CPU.Build.0 = Release|Any CPU
	EndGlobalSection
	GlobalSection(SolutionProperties) = preSolution
		HideSolutionNode = FALSE
	EndGlobalSection
EndGlobal
